
Microsoft Visual Studio Solution File, Format Version 12.00
# Visual Studio Version 17
VisualStudioVersion = 17.9.34714.143
MinimumVisualStudioVersion = 10.0.40219.1
Project("{FAE04EC0-301F-11D3-BF4B-00C04F79EFBC}") = "PersonalMusicPlaylist", "PersonalMusicPlaylist\PersonalMusicPlaylist.csproj", "{C425C555-4DF6-4418-9029-CCC4818DEEDA}"
EndProject
Project("{FAE04EC0-301F-11D3-BF4B-00C04F79EFBC}") = "PersonalPlaylistBL", "PersonalPlaylistBL\PersonalPlaylistBL.csproj", "{22638B5F-82A6-40D0-9D21-EED2EB3C587E}"
EndProject
Global
	GlobalSection(SolutionConfigurationPlatforms) = preSolution
		Debug|Any CPU = Debug|Any CPU
		Release|Any CPU = Release|Any CPU
	EndGlobalSection
	GlobalSection(ProjectConfigurationPlatforms) = postSolution
		{C425C555-4DF6-4418-9029-CCC4818DEEDA}.Debug|Any CPU.ActiveCfg = Debug|Any CPU
		{C425C555-4DF6-4418-9029-CCC4818DEEDA}.Debug|Any CPU.Build.0 = Debug|Any CPU
		{C425C555-4DF6-4418-9029-CCC4818DEEDA}.Release|Any CPU.ActiveCfg = Release|Any CPU
		{C425C555-4DF6-4418-9029-CCC4818DEEDA}.Release|Any CPU.Build.0 = Release|Any CPU
		{22638B5F-82A6-40D0-9D21-EED2EB3C587E}.Debug|Any CPU.ActiveCfg = Debug|Any CPU
		{22638B5F-82A6-40D0-9D21-EED2EB3C587E}.Debug|Any CPU.Build.0 = Debug|Any CPU
		{22638B5F-82A6-40D0-9D21-EED2EB3C587E}.Release|Any CPU.ActiveCfg = Release|Any CPU
		{22638B5F-82A6-40D0-9D21-EED2EB3C587E}.Release|Any CPU.Build.0 = Release|Any CPU
	EndGlobalSection
	GlobalSection(SolutionProperties) = preSolution
		HideSolutionNode = FALSE
	EndGlobalSection
	GlobalSection(ExtensibilityGlobals) = postSolution
		SolutionGuid = {4F83F442-5C88-4237-AFD4-E87B9A104396}
	EndGlobalSection
EndGlobal
